
Microsoft Visual Studio Solution File, Format Version 12.00
# Visual Studio Version 17
VisualStudioVersion = 17.3.32901.215
MinimumVisualStudioVersion = 10.0.40219.1
Project("{FAE04EC0-301F-11D3-BF4B-00C04F79EFBC}") = "FunWithEFAdventureReverse", "FunWithEFAdventureReverse\FunWithEFAdventureReverse.csproj", "{3F1EC8A0-852B-4D59-8288-FB3E1C43BA5E}"
EndProject
Project("{9A19103F-16F7-4668-BE54-9A1E7A4F7556}") = "EFCore_DBLibrary", "EFCore_DBLibrary\EFCore_DBLibrary.csproj", "{D566A9E1-7A90-42FE-B0C5-0B95B06AAE27}"
EndProject
Global
	GlobalSection(SolutionConfigurationPlatforms) = preSolution
		Debug|Any CPU = Debug|Any CPU
		Release|Any CPU = Release|Any CPU
	EndGlobalSection
	GlobalSection(ProjectConfigurationPlatforms) = postSolution
		{3F1EC8A0-852B-4D59-8288-FB3E1C43BA5E}.Debug|Any CPU.ActiveCfg = Debug|Any CPU
		{3F1EC8A0-852B-4D59-8288-FB3E1C43BA5E}.Debug|Any CPU.Build.0 = Debug|Any CPU
		{3F1EC8A0-852B-4D59-8288-FB3E1C43BA5E}.Release|Any CPU.ActiveCfg = Release|Any CPU
		{3F1EC8A0-852B-4D59-8288-FB3E1C43BA5E}.Release|Any CPU.Build.0 = Release|Any CPU
		{D566A9E1-7A90-42FE-B0C5-0B95B06AAE27}.Debug|Any CPU.ActiveCfg = Debug|Any CPU
		{D566A9E1-7A90-42FE-B0C5-0B95B06AAE27}.Debug|Any CPU.Build.0 = Debug|Any CPU
		{D566A9E1-7A90-42FE-B0C5-0B95B06AAE27}.Release|Any CPU.ActiveCfg = Release|Any CPU
		{D566A9E1-7A90-42FE-B0C5-0B95B06AAE27}.Release|Any CPU.Build.0 = Release|Any CPU
	EndGlobalSection
	GlobalSection(SolutionProperties) = preSolution
		HideSolutionNode = FALSE
	EndGlobalSection
	GlobalSection(ExtensibilityGlobals) = postSolution
		SolutionGuid = {E1F01090-1C23-457E-94D9-CCB2531BDF9A}
	EndGlobalSection
EndGlobal
